// !$*UTF8*$!
{
	archiveVersion = 1;
	classes = {
	};
	objectVersion = 50;
	objects = {

/* Begin PBXBuildFile section */
		28099F6E2511C46A0020E901 /* NewAlarmViewController.swift in Sources */ = {isa = PBXBuildFile; fileRef = 28099F6D2511C46A0020E901 /* NewAlarmViewController.swift */; };
		2816C73A2511DD5E00064CC4 /* Alarm.swift in Sources */ = {isa = PBXBuildFile; fileRef = 2816C7392511DD5E00064CC4 /* Alarm.swift */; };
		2816C73C2512D87400064CC4 /* AlarmWeekDayTableViewController.swift in Sources */ = {isa = PBXBuildFile; fileRef = 2816C73B2512D87400064CC4 /* AlarmWeekDayTableViewController.swift */; };
		2816C73E2513172100064CC4 /* AlarmLabelViewController.swift in Sources */ = {isa = PBXBuildFile; fileRef = 2816C73D2513172100064CC4 /* AlarmLabelViewController.swift */; };
		2816C7462513496100064CC4 /* SettingAlarmString.swift in Sources */ = {isa = PBXBuildFile; fileRef = 2816C7452513496100064CC4 /* SettingAlarmString.swift */; };
		2816C74925143A2200064CC4 /* AlarmDelegate.swift in Sources */ = {isa = PBXBuildFile; fileRef = 2816C74825143A2200064CC4 /* AlarmDelegate.swift */; };
		28B7036325189584004EC291 /* UserDefaultsExtension.swift in Sources */ = {isa = PBXBuildFile; fileRef = 28B7036225189584004EC291 /* UserDefaultsExtension.swift */; };
		28B70367251B0F8E004EC291 /* MemoStoryboard.storyboard in Resources */ = {isa = PBXBuildFile; fileRef = 28B70366251B0F8E004EC291 /* MemoStoryboard.storyboard */; };
		28B7036B251B1644004EC291 /* MemoViewController.swift in Sources */ = {isa = PBXBuildFile; fileRef = 28B7036A251B1644004EC291 /* MemoViewController.swift */; };
		28B7036E251B39E8004EC291 /* Memo.swift in Sources */ = {isa = PBXBuildFile; fileRef = 28B7036D251B39E8004EC291 /* Memo.swift */; };
		28B70370251C2520004EC291 /* MemoCollectionViewCell.swift in Sources */ = {isa = PBXBuildFile; fileRef = 28B7036F251C2520004EC291 /* MemoCollectionViewCell.swift */; };
		28B70372251C2C67004EC291 /* CollectionViewCellExtension.swift in Sources */ = {isa = PBXBuildFile; fileRef = 28B70371251C2C67004EC291 /* CollectionViewCellExtension.swift */; };
		28F863CE25118C3200DAD97B /* AppDelegate.swift in Sources */ = {isa = PBXBuildFile; fileRef = 28F863CD25118C3200DAD97B /* AppDelegate.swift */; };
		28F863D025118C3200DAD97B /* SceneDelegate.swift in Sources */ = {isa = PBXBuildFile; fileRef = 28F863CF25118C3200DAD97B /* SceneDelegate.swift */; };
		28F863D525118C3200DAD97B /* Main.storyboard in Resources */ = {isa = PBXBuildFile; fileRef = 28F863D325118C3200DAD97B /* Main.storyboard */; };
		28F863D725118C3300DAD97B /* Assets.xcassets in Resources */ = {isa = PBXBuildFile; fileRef = 28F863D625118C3300DAD97B /* Assets.xcassets */; };
		28F863DA25118C3300DAD97B /* LaunchScreen.storyboard in Resources */ = {isa = PBXBuildFile; fileRef = 28F863D825118C3300DAD97B /* LaunchScreen.storyboard */; };
		28F863E325119EAF00DAD97B /* AlarmViewController.swift in Sources */ = {isa = PBXBuildFile; fileRef = 28F863E225119EAF00DAD97B /* AlarmViewController.swift */; };
		28F863E625119ED100DAD97B /* AlarmTableViewCell.swift in Sources */ = {isa = PBXBuildFile; fileRef = 28F863E525119ED100DAD97B /* AlarmTableViewCell.swift */; };
		28F863EA2511A37400DAD97B /* AlarmStoryboard.storyboard in Resources */ = {isa = PBXBuildFile; fileRef = 28F863E92511A37400DAD97B /* AlarmStoryboard.storyboard */; };
/* End PBXBuildFile section */

/* Begin PBXFileReference section */
		28099F6D2511C46A0020E901 /* NewAlarmViewController.swift */ = {isa = PBXFileReference; lastKnownFileType = sourcecode.swift; path = NewAlarmViewController.swift; sourceTree = "<group>"; };
		2816C7392511DD5E00064CC4 /* Alarm.swift */ = {isa = PBXFileReference; lastKnownFileType = sourcecode.swift; path = Alarm.swift; sourceTree = "<group>"; };
		2816C73B2512D87400064CC4 /* AlarmWeekDayTableViewController.swift */ = {isa = PBXFileReference; lastKnownFileType = sourcecode.swift; path = AlarmWeekDayTableViewController.swift; sourceTree = "<group>"; };
		2816C73D2513172100064CC4 /* AlarmLabelViewController.swift */ = {isa = PBXFileReference; lastKnownFileType = sourcecode.swift; path = AlarmLabelViewController.swift; sourceTree = "<group>"; };
		2816C7452513496100064CC4 /* SettingAlarmString.swift */ = {isa = PBXFileReference; lastKnownFileType = sourcecode.swift; path = SettingAlarmString.swift; sourceTree = "<group>"; };
		2816C74825143A2200064CC4 /* AlarmDelegate.swift */ = {isa = PBXFileReference; lastKnownFileType = sourcecode.swift; path = AlarmDelegate.swift; sourceTree = "<group>"; };
		28B7036225189584004EC291 /* UserDefaultsExtension.swift */ = {isa = PBXFileReference; lastKnownFileType = sourcecode.swift; path = UserDefaultsExtension.swift; sourceTree = "<group>"; };
		28B70366251B0F8E004EC291 /* MemoStoryboard.storyboard */ = {isa = PBXFileReference; lastKnownFileType = file.storyboard; path = MemoStoryboard.storyboard; sourceTree = "<group>"; };
		28B7036A251B1644004EC291 /* MemoViewController.swift */ = {isa = PBXFileReference; lastKnownFileType = sourcecode.swift; path = MemoViewController.swift; sourceTree = "<group>"; };
		28B7036D251B39E8004EC291 /* Memo.swift */ = {isa = PBXFileReference; lastKnownFileType = sourcecode.swift; path = Memo.swift; sourceTree = "<group>"; };
		28B7036F251C2520004EC291 /* MemoCollectionViewCell.swift */ = {isa = PBXFileReference; lastKnownFileType = sourcecode.swift; path = MemoCollectionViewCell.swift; sourceTree = "<group>"; };
		28B70371251C2C67004EC291 /* CollectionViewCellExtension.swift */ = {isa = PBXFileReference; lastKnownFileType = sourcecode.swift; path = CollectionViewCellExtension.swift; sourceTree = "<group>"; };
		28F863CA25118C3200DAD97B /* EUNALARMI.app */ = {isa = PBXFileReference; explicitFileType = wrapper.application; includeInIndex = 0; path = EUNALARMI.app; sourceTree = BUILT_PRODUCTS_DIR; };
		28F863CD25118C3200DAD97B /* AppDelegate.swift */ = {isa = PBXFileReference; lastKnownFileType = sourcecode.swift; path = AppDelegate.swift; sourceTree = "<group>"; };
		28F863CF25118C3200DAD97B /* SceneDelegate.swift */ = {isa = PBXFileReference; lastKnownFileType = sourcecode.swift; path = SceneDelegate.swift; sourceTree = "<group>"; };
		28F863D425118C3200DAD97B /* Base */ = {isa = PBXFileReference; lastKnownFileType = file.storyboard; name = Base; path = Base.lproj/Main.storyboard; sourceTree = "<group>"; };
		28F863D625118C3300DAD97B /* Assets.xcassets */ = {isa = PBXFileReference; lastKnownFileType = folder.assetcatalog; path = Assets.xcassets; sourceTree = "<group>"; };
		28F863D925118C3300DAD97B /* Base */ = {isa = PBXFileReference; lastKnownFileType = file.storyboard; name = Base; path = Base.lproj/LaunchScreen.storyboard; sourceTree = "<group>"; };
		28F863DB25118C3300DAD97B /* Info.plist */ = {isa = PBXFileReference; lastKnownFileType = text.plist.xml; path = Info.plist; sourceTree = "<group>"; };
		28F863E225119EAF00DAD97B /* AlarmViewController.swift */ = {isa = PBXFileReference; lastKnownFileType = sourcecode.swift; path = AlarmViewController.swift; sourceTree = "<group>"; };
		28F863E525119ED100DAD97B /* AlarmTableViewCell.swift */ = {isa = PBXFileReference; lastKnownFileType = sourcecode.swift; path = AlarmTableViewCell.swift; sourceTree = "<group>"; };
		28F863E92511A37400DAD97B /* AlarmStoryboard.storyboard */ = {isa = PBXFileReference; lastKnownFileType = file.storyboard; path = AlarmStoryboard.storyboard; sourceTree = "<group>"; };
/* End PBXFileReference section */

/* Begin PBXFrameworksBuildPhase section */
		28F863C725118C3200DAD97B /* Frameworks */ = {
			isa = PBXFrameworksBuildPhase;
			buildActionMask = 2147483647;
			files = (
			);
			runOnlyForDeploymentPostprocessing = 0;
		};
/* End PBXFrameworksBuildPhase section */

/* Begin PBXGroup section */
		2816C7382511DD4900064CC4 /* model */ = {
			isa = PBXGroup;
			children = (
				2816C7392511DD5E00064CC4 /* Alarm.swift */,
			);
			path = model;
			sourceTree = "<group>";
		};
		2816C7442513492600064CC4 /* module */ = {
			isa = PBXGroup;
			children = (
				2816C7452513496100064CC4 /* SettingAlarmString.swift */,
			);
			path = module;
			sourceTree = "<group>";
		};
		2816C74725143A1400064CC4 /* delegate */ = {
			isa = PBXGroup;
			children = (
				2816C74825143A2200064CC4 /* AlarmDelegate.swift */,
			);
			path = delegate;
			sourceTree = "<group>";
		};
		28B7036125189570004EC291 /* extension */ = {
			isa = PBXGroup;
			children = (
				28B7036225189584004EC291 /* UserDefaultsExtension.swift */,
				28B70371251C2C67004EC291 /* CollectionViewCellExtension.swift */,
			);
			path = extension;
			sourceTree = "<group>";
		};
		28B70364251B0582004EC291 /* Memo */ = {
			isa = PBXGroup;
			children = (
				28B7036C251B39BE004EC291 /* model */,
				28B70369251B10AE004EC291 /* view */,
				28B70368251B10A6004EC291 /* controller */,
				28B70365251B0F74004EC291 /* storyboard */,
			);
			path = Memo;
			sourceTree = "<group>";
		};
		28B70365251B0F74004EC291 /* storyboard */ = {
			isa = PBXGroup;
			children = (
				28B70366251B0F8E004EC291 /* MemoStoryboard.storyboard */,
			);
			path = storyboard;
			sourceTree = "<group>";
		};
		28B70368251B10A6004EC291 /* controller */ = {
			isa = PBXGroup;
			children = (
				28B7036A251B1644004EC291 /* MemoViewController.swift */,
			);
			path = controller;
			sourceTree = "<group>";
		};
		28B70369251B10AE004EC291 /* view */ = {
			isa = PBXGroup;
			children = (
				28B7036F251C2520004EC291 /* MemoCollectionViewCell.swift */,
			);
			path = view;
			sourceTree = "<group>";
		};
		28B7036C251B39BE004EC291 /* model */ = {
			isa = PBXGroup;
			children = (
				28B7036D251B39E8004EC291 /* Memo.swift */,
			);
			path = model;
			sourceTree = "<group>";
		};
		28F863C125118C3200DAD97B = {
			isa = PBXGroup;
			children = (
				28F863CC25118C3200DAD97B /* EUNALARMI */,
				28F863CB25118C3200DAD97B /* Products */,
			);
			sourceTree = "<group>";
		};
		28F863CB25118C3200DAD97B /* Products */ = {
			isa = PBXGroup;
			children = (
				28F863CA25118C3200DAD97B /* EUNALARMI.app */,
			);
			name = Products;
			sourceTree = "<group>";
		};
		28F863CC25118C3200DAD97B /* EUNALARMI */ = {
			isa = PBXGroup;
			children = (
				28B70364251B0582004EC291 /* Memo */,
				28B7036125189570004EC291 /* extension */,
				28F863E125119E9200DAD97B /* Alarm */,
				28F863CD25118C3200DAD97B /* AppDelegate.swift */,
				28F863CF25118C3200DAD97B /* SceneDelegate.swift */,
				28F863D325118C3200DAD97B /* Main.storyboard */,
				28F863D625118C3300DAD97B /* Assets.xcassets */,
				28F863D825118C3300DAD97B /* LaunchScreen.storyboard */,
				28F863DB25118C3300DAD97B /* Info.plist */,
			);
			path = EUNALARMI;
			sourceTree = "<group>";
		};
		28F863E125119E9200DAD97B /* Alarm */ = {
			isa = PBXGroup;
			children = (
				2816C74725143A1400064CC4 /* delegate */,
				2816C7442513492600064CC4 /* module */,
				2816C7382511DD4900064CC4 /* model */,
				28F863E82511A36200DAD97B /* storyboard */,
				28F863E725119F1800DAD97B /* controller */,
				28F863E425119EB500DAD97B /* view */,
			);
			path = Alarm;
			sourceTree = "<group>";
		};
		28F863E425119EB500DAD97B /* view */ = {
			isa = PBXGroup;
			children = (
				28F863E525119ED100DAD97B /* AlarmTableViewCell.swift */,
			);
			path = view;
			sourceTree = "<group>";
		};
		28F863E725119F1800DAD97B /* controller */ = {
			isa = PBXGroup;
			children = (
				28F863E225119EAF00DAD97B /* AlarmViewController.swift */,
				28099F6D2511C46A0020E901 /* NewAlarmViewController.swift */,
				2816C73B2512D87400064CC4 /* AlarmWeekDayTableViewController.swift */,
				2816C73D2513172100064CC4 /* AlarmLabelViewController.swift */,
			);
			path = controller;
			sourceTree = "<group>";
		};
		28F863E82511A36200DAD97B /* storyboard */ = {
			isa = PBXGroup;
			children = (
				28F863E92511A37400DAD97B /* AlarmStoryboard.storyboard */,
			);
			path = storyboard;
			sourceTree = "<group>";
		};
/* End PBXGroup section */

/* Begin PBXNativeTarget section */
		28F863C925118C3200DAD97B /* EUNALARMI */ = {
			isa = PBXNativeTarget;
			buildConfigurationList = 28F863DE25118C3300DAD97B /* Build configuration list for PBXNativeTarget "EUNALARMI" */;
			buildPhases = (
				28F863C625118C3200DAD97B /* Sources */,
				28F863C725118C3200DAD97B /* Frameworks */,
				28F863C825118C3200DAD97B /* Resources */,
			);
			buildRules = (
			);
			dependencies = (
			);
			name = EUNALARMI;
			productName = EUNALARMI;
			productReference = 28F863CA25118C3200DAD97B /* EUNALARMI.app */;
			productType = "com.apple.product-type.application";
		};
/* End PBXNativeTarget section */

/* Begin PBXProject section */
		28F863C225118C3200DAD97B /* Project object */ = {
			isa = PBXProject;
			attributes = {
				LastSwiftUpdateCheck = 1160;
				LastUpgradeCheck = 1160;
				ORGANIZATIONNAME = 60080252;
				TargetAttributes = {
					28F863C925118C3200DAD97B = {
						CreatedOnToolsVersion = 11.6;
					};
				};
			};
			buildConfigurationList = 28F863C525118C3200DAD97B /* Build configuration list for PBXProject "EUNALARMI" */;
			compatibilityVersion = "Xcode 9.3";
			developmentRegion = en;
			hasScannedForEncodings = 0;
			knownRegions = (
				en,
				Base,
			);
			mainGroup = 28F863C125118C3200DAD97B;
			productRefGroup = 28F863CB25118C3200DAD97B /* Products */;
			projectDirPath = "";
			projectRoot = "";
			targets = (
				28F863C925118C3200DAD97B /* EUNALARMI */,
			);
		};
/* End PBXProject section */

/* Begin PBXResourcesBuildPhase section */
		28F863C825118C3200DAD97B /* Resources */ = {
			isa = PBXResourcesBuildPhase;
			buildActionMask = 2147483647;
			files = (
				28F863DA25118C3300DAD97B /* LaunchScreen.storyboard in Resources */,
				28F863D725118C3300DAD97B /* Assets.xcassets in Resources */,
				28F863D525118C3200DAD97B /* Main.storyboard in Resources */,
				28F863EA2511A37400DAD97B /* AlarmStoryboard.storyboard in Resources */,
				28B70367251B0F8E004EC291 /* MemoStoryboard.storyboard in Resources */,
			);
			runOnlyForDeploymentPostprocessing = 0;
		};
/* End PBXResourcesBuildPhase section */

/* Begin PBXSourcesBuildPhase section */
		28F863C625118C3200DAD97B /* Sources */ = {
			isa = PBXSourcesBuildPhase;
			buildActionMask = 2147483647;
			files = (
				28F863E625119ED100DAD97B /* AlarmTableViewCell.swift in Sources */,
				28B70372251C2C67004EC291 /* CollectionViewCellExtension.swift in Sources */,
				28F863E325119EAF00DAD97B /* AlarmViewController.swift in Sources */,
				28099F6E2511C46A0020E901 /* NewAlarmViewController.swift in Sources */,
				2816C73E2513172100064CC4 /* AlarmLabelViewController.swift in Sources */,
				28F863CE25118C3200DAD97B /* AppDelegate.swift in Sources */,
				2816C73A2511DD5E00064CC4 /* Alarm.swift in Sources */,
				2816C73C2512D87400064CC4 /* AlarmWeekDayTableViewController.swift in Sources */,
				28F863D025118C3200DAD97B /* SceneDelegate.swift in Sources */,
				28B7036B251B1644004EC291 /* MemoViewController.swift in Sources */,
				2816C74925143A2200064CC4 /* AlarmDelegate.swift in Sources */,
				28B70370251C2520004EC291 /* MemoCollectionViewCell.swift in Sources */,
				28B7036E251B39E8004EC291 /* Memo.swift in Sources */,
				28B7036325189584004EC291 /* UserDefaultsExtension.swift in Sources */,
				2816C7462513496100064CC4 /* SettingAlarmString.swift in Sources */,
			);
			runOnlyForDeploymentPostprocessing = 0;
		};
/* End PBXSourcesBuildPhase section */

/* Begin PBXVariantGroup section */
		28F863D325118C3200DAD97B /* Main.storyboard */ = {
			isa = PBXVariantGroup;
			children = (
				28F863D425118C3200DAD97B /* Base */,
			);
			name = Main.storyboard;
			sourceTree = "<group>";
		};
		28F863D825118C3300DAD97B /* LaunchScreen.storyboard */ = {
			isa = PBXVariantGroup;
			children = (
				28F863D925118C3300DAD97B /* Base */,
			);
			name = LaunchScreen.storyboard;
			sourceTree = "<group>";
		};
/* End PBXVariantGroup section */

/* Begin XCBuildConfiguration section */
		28F863DC25118C3300DAD97B /* Debug */ = {
			isa = XCBuildConfiguration;
			buildSettings = {
				ALWAYS_SEARCH_USER_PATHS = NO;
				CLANG_ANALYZER_NONNULL = YES;
				CLANG_ANALYZER_NUMBER_OBJECT_CONVERSION = YES_AGGRESSIVE;
				CLANG_CXX_LANGUAGE_STANDARD = "gnu++14";
				CLANG_CXX_LIBRARY = "libc++";
				CLANG_ENABLE_MODULES = YES;
				CLANG_ENABLE_OBJC_ARC = YES;
				CLANG_ENABLE_OBJC_WEAK = YES;
				CLANG_WARN_BLOCK_CAPTURE_AUTORELEASING = YES;
				CLANG_WARN_BOOL_CONVERSION = YES;
				CLANG_WARN_COMMA = YES;
				CLANG_WARN_CONSTANT_CONVERSION = YES;
				CLANG_WARN_DEPRECATED_OBJC_IMPLEMENTATIONS = YES;
				CLANG_WARN_DIRECT_OBJC_ISA_USAGE = YES_ERROR;
				CLANG_WARN_DOCUMENTATION_COMMENTS = YES;
				CLANG_WARN_EMPTY_BODY = YES;
				CLANG_WARN_ENUM_CONVERSION = YES;
				CLANG_WARN_INFINITE_RECURSION = YES;
				CLANG_WARN_INT_CONVERSION = YES;
				CLANG_WARN_NON_LITERAL_NULL_CONVERSION = YES;
				CLANG_WARN_OBJC_IMPLICIT_RETAIN_SELF = YES;
				CLANG_WARN_OBJC_LITERAL_CONVERSION = YES;
				CLANG_WARN_OBJC_ROOT_CLASS = YES_ERROR;
				CLANG_WARN_RANGE_LOOP_ANALYSIS = YES;
				CLANG_WARN_STRICT_PROTOTYPES = YES;
				CLANG_WARN_SUSPICIOUS_MOVE = YES;
				CLANG_WARN_UNGUARDED_AVAILABILITY = YES_AGGRESSIVE;
				CLANG_WARN_UNREACHABLE_CODE = YES;
				CLANG_WARN__DUPLICATE_METHOD_MATCH = YES;
				COPY_PHASE_STRIP = NO;
				DEBUG_INFORMATION_FORMAT = dwarf;
				ENABLE_STRICT_OBJC_MSGSEND = YES;
				ENABLE_TESTABILITY = YES;
				GCC_C_LANGUAGE_STANDARD = gnu11;
				GCC_DYNAMIC_NO_PIC = NO;
				GCC_NO_COMMON_BLOCKS = YES;
				GCC_OPTIMIZATION_LEVEL = 0;
				GCC_PREPROCESSOR_DEFINITIONS = (
					"DEBUG=1",
					"$(inherited)",
				);
				GCC_WARN_64_TO_32_BIT_CONVERSION = YES;
				GCC_WARN_ABOUT_RETURN_TYPE = YES_ERROR;
				GCC_WARN_UNDECLARED_SELECTOR = YES;
				GCC_WARN_UNINITIALIZED_AUTOS = YES_AGGRESSIVE;
				GCC_WARN_UNUSED_FUNCTION = YES;
				GCC_WARN_UNUSED_VARIABLE = YES;
				IPHONEOS_DEPLOYMENT_TARGET = 13.6;
				MTL_ENABLE_DEBUG_INFO = INCLUDE_SOURCE;
				MTL_FAST_MATH = YES;
				ONLY_ACTIVE_ARCH = YES;
				SDKROOT = iphoneos;
				SWIFT_ACTIVE_COMPILATION_CONDITIONS = DEBUG;
				SWIFT_OPTIMIZATION_LEVEL = "-Onone";
			};
			name = Debug;
		};
		28F863DD25118C3300DAD97B /* Release */ = {
			isa = XCBuildConfiguration;
			buildSettings = {
				ALWAYS_SEARCH_USER_PATHS = NO;
				CLANG_ANALYZER_NONNULL = YES;
				CLANG_ANALYZER_NUMBER_OBJECT_CONVERSION = YES_AGGRESSIVE;
				CLANG_CXX_LANGUAGE_STANDARD = "gnu++14";
				CLANG_CXX_LIBRARY = "libc++";
				CLANG_ENABLE_MODULES = YES;
				CLANG_ENABLE_OBJC_ARC = YES;
				CLANG_ENABLE_OBJC_WEAK = YES;
				CLANG_WARN_BLOCK_CAPTURE_AUTORELEASING = YES;
				CLANG_WARN_BOOL_CONVERSION = YES;
				CLANG_WARN_COMMA = YES;
				CLANG_WARN_CONSTANT_CONVERSION = YES;
				CLANG_WARN_DEPRECATED_OBJC_IMPLEMENTATIONS = YES;
				CLANG_WARN_DIRECT_OBJC_ISA_USAGE = YES_ERROR;
				CLANG_WARN_DOCUMENTATION_COMMENTS = YES;
				CLANG_WARN_EMPTY_BODY = YES;
				CLANG_WARN_ENUM_CONVERSION = YES;
				CLANG_WARN_INFINITE_RECURSION = YES;
				CLANG_WARN_INT_CONVERSION = YES;
				CLANG_WARN_NON_LITERAL_NULL_CONVERSION = YES;
				CLANG_WARN_OBJC_IMPLICIT_RETAIN_SELF = YES;
				CLANG_WARN_OBJC_LITERAL_CONVERSION = YES;
				CLANG_WARN_OBJC_ROOT_CLASS = YES_ERROR;
				CLANG_WARN_RANGE_LOOP_ANALYSIS = YES;
				CLANG_WARN_STRICT_PROTOTYPES = YES;
				CLANG_WARN_SUSPICIOUS_MOVE = YES;
				CLANG_WARN_UNGUARDED_AVAILABILITY = YES_AGGRESSIVE;
				CLANG_WARN_UNREACHABLE_CODE = YES;
				CLANG_WARN__DUPLICATE_METHOD_MATCH = YES;
				COPY_PHASE_STRIP = NO;
				DEBUG_INFORMATION_FORMAT = "dwarf-with-dsym";
				ENABLE_NS_ASSERTIONS = NO;
				ENABLE_STRICT_OBJC_MSGSEND = YES;
				GCC_C_LANGUAGE_STANDARD = gnu11;
				GCC_NO_COMMON_BLOCKS = YES;
				GCC_WARN_64_TO_32_BIT_CONVERSION = YES;
				GCC_WARN_ABOUT_RETURN_TYPE = YES_ERROR;
				GCC_WARN_UNDECLARED_SELECTOR = YES;
				GCC_WARN_UNINITIALIZED_AUTOS = YES_AGGRESSIVE;
				GCC_WARN_UNUSED_FUNCTION = YES;
				GCC_WARN_UNUSED_VARIABLE = YES;
				IPHONEOS_DEPLOYMENT_TARGET = 13.6;
				MTL_ENABLE_DEBUG_INFO = NO;
				MTL_FAST_MATH = YES;
				SDKROOT = iphoneos;
				SWIFT_COMPILATION_MODE = wholemodule;
				SWIFT_OPTIMIZATION_LEVEL = "-O";
				VALIDATE_PRODUCT = YES;
			};
			name = Release;
		};
		28F863DF25118C3300DAD97B /* Debug */ = {
			isa = XCBuildConfiguration;
			buildSettings = {
				ASSETCATALOG_COMPILER_APPICON_NAME = AppIcon;
				CODE_SIGN_STYLE = Automatic;
				DEVELOPMENT_TEAM = B5VE639J3N;
				INFOPLIST_FILE = EUNALARMI/Info.plist;
				IPHONEOS_DEPLOYMENT_TARGET = 13.2;
				LD_RUNPATH_SEARCH_PATHS = (
					"$(inherited)",
					"@executable_path/Frameworks",
				);
				PRODUCT_BUNDLE_IDENTIFIER = com.cute.eunyeong.EUNALARMI;
				PRODUCT_NAME = "$(TARGET_NAME)";
				SWIFT_VERSION = 5.0;
				TARGETED_DEVICE_FAMILY = "1,2";
			};
			name = Debug;
		};
		28F863E025118C3300DAD97B /* Release */ = {
			isa = XCBuildConfiguration;
			buildSettings = {
				ASSETCATALOG_COMPILER_APPICON_NAME = AppIcon;
				CODE_SIGN_STYLE = Automatic;
				DEVELOPMENT_TEAM = B5VE639J3N;
				INFOPLIST_FILE = EUNALARMI/Info.plist;
				IPHONEOS_DEPLOYMENT_TARGET = 13.2;
				LD_RUNPATH_SEARCH_PATHS = (
					"$(inherited)",
					"@executable_path/Frameworks",
				);
				PRODUCT_BUNDLE_IDENTIFIER = com.cute.eunyeong.EUNALARMI;
				PRODUCT_NAME = "$(TARGET_NAME)";
				SWIFT_VERSION = 5.0;
				TARGETED_DEVICE_FAMILY = "1,2";
			};
			name = Release;
		};
/* End XCBuildConfiguration section */

/* Begin XCConfigurationList section */
		28F863C525118C3200DAD97B /* Build configuration list for PBXProject "EUNALARMI" */ = {
			isa = XCConfigurationList;
			buildConfigurations = (
				28F863DC25118C3300DAD97B /* Debug */,
				28F863DD25118C3300DAD97B /* Release */,
			);
			defaultConfigurationIsVisible = 0;
			defaultConfigurationName = Release;
		};
		28F863DE25118C3300DAD97B /* Build configuration list for PBXNativeTarget "EUNALARMI" */ = {
			isa = XCConfigurationList;
			buildConfigurations = (
				28F863DF25118C3300DAD97B /* Debug */,
				28F863E025118C3300DAD97B /* Release */,
			);
			defaultConfigurationIsVisible = 0;
			defaultConfigurationName = Release;
		};
/* End XCConfigurationList section */
	};
	rootObject = 28F863C225118C3200DAD97B /* Project object */;
}
